<?xml version="1.0" encoding="UTF-8"?>
<CodeBlocks_project_file>
	<FileVersion major="1" minor="6"/>
	<Project>
		<Option title="xcsp3parser"/>
		<Option makefile_is_custom="1"/>
		<Option compiler="gcc"/>
		<Option virtualFolders="CMake Files\;"/>
		<Build>
			<Target title="all">
				<Option working_dir="/home/falque/Travail/Doctorat/CP/Workspace/XCSP3-CPP-Parser"/>
				<Option type="4"/>
				<MakeCommands>
					<Build command="/usr/bin/gmake -j20 -f &quot;/home/falque/Travail/Doctorat/CP/Workspace/XCSP3-CPP-Parser/Makefile&quot;  VERBOSE=1 all"/>
					<CompileFile command="/usr/bin/gmake -j20 -f &quot;/home/falque/Travail/Doctorat/CP/Workspace/XCSP3-CPP-Parser/Makefile&quot;  VERBOSE=1 &quot;$file&quot;"/>
					<Clean command="/usr/bin/gmake -j20 -f &quot;/home/falque/Travail/Doctorat/CP/Workspace/XCSP3-CPP-Parser/Makefile&quot;  VERBOSE=1 clean"/>
					<DistClean command="/usr/bin/gmake -j20 -f &quot;/home/falque/Travail/Doctorat/CP/Workspace/XCSP3-CPP-Parser/Makefile&quot;  VERBOSE=1 clean"/>
				</MakeCommands>
			</Target>
			<Target title="xcsp3parser">
				<Option output="/home/falque/Travail/Doctorat/CP/Workspace/XCSP3-CPP-Parser/lib/libxcsp3parser.a" prefix_auto="0" extension_auto="0"/>
				<Option working_dir="/home/falque/Travail/Doctorat/CP/Workspace/XCSP3-CPP-Parser"/>
				<Option object_output="./"/>
				<Option type="2"/>
				<Option compiler="gcc"/>
				<Compiler>
					<Add directory="/usr/include/libxml2"/>
					<Add directory="/home/falque/Travail/Doctorat/CP/Workspace/XCSP3-CPP-Parser/include"/>
					<Add directory="/usr/include/c++/11"/>
					<Add directory="/usr/include/x86_64-linux-gnu/c++/11"/>
					<Add directory="/usr/include/c++/11/backward"/>
					<Add directory="/usr/lib/gcc/x86_64-linux-gnu/11/include"/>
					<Add directory="/usr/local/include"/>
					<Add directory="/usr/include/x86_64-linux-gnu"/>
					<Add directory="/usr/include"/>
				</Compiler>
				<MakeCommands>
					<Build command="/usr/bin/gmake -j20 -f &quot;/home/falque/Travail/Doctorat/CP/Workspace/XCSP3-CPP-Parser/Makefile&quot;  VERBOSE=1 xcsp3parser"/>
					<CompileFile command="/usr/bin/gmake -j20 -f &quot;/home/falque/Travail/Doctorat/CP/Workspace/XCSP3-CPP-Parser/Makefile&quot;  VERBOSE=1 &quot;$file&quot;"/>
					<Clean command="/usr/bin/gmake -j20 -f &quot;/home/falque/Travail/Doctorat/CP/Workspace/XCSP3-CPP-Parser/Makefile&quot;  VERBOSE=1 clean"/>
					<DistClean command="/usr/bin/gmake -j20 -f &quot;/home/falque/Travail/Doctorat/CP/Workspace/XCSP3-CPP-Parser/Makefile&quot;  VERBOSE=1 clean"/>
				</MakeCommands>
			</Target>
			<Target title="xcsp3parser/fast">
				<Option output="/home/falque/Travail/Doctorat/CP/Workspace/XCSP3-CPP-Parser/lib/libxcsp3parser.a" prefix_auto="0" extension_auto="0"/>
				<Option working_dir="/home/falque/Travail/Doctorat/CP/Workspace/XCSP3-CPP-Parser"/>
				<Option object_output="./"/>
				<Option type="2"/>
				<Option compiler="gcc"/>
				<Compiler>
					<Add directory="/usr/include/libxml2"/>
					<Add directory="/home/falque/Travail/Doctorat/CP/Workspace/XCSP3-CPP-Parser/include"/>
					<Add directory="/usr/include/c++/11"/>
					<Add directory="/usr/include/x86_64-linux-gnu/c++/11"/>
					<Add directory="/usr/include/c++/11/backward"/>
					<Add directory="/usr/lib/gcc/x86_64-linux-gnu/11/include"/>
					<Add directory="/usr/local/include"/>
					<Add directory="/usr/include/x86_64-linux-gnu"/>
					<Add directory="/usr/include"/>
				</Compiler>
				<MakeCommands>
					<Build command="/usr/bin/gmake -j20 -f &quot;/home/falque/Travail/Doctorat/CP/Workspace/XCSP3-CPP-Parser/Makefile&quot;  VERBOSE=1 xcsp3parser/fast"/>
					<CompileFile command="/usr/bin/gmake -j20 -f &quot;/home/falque/Travail/Doctorat/CP/Workspace/XCSP3-CPP-Parser/Makefile&quot;  VERBOSE=1 &quot;$file&quot;"/>
					<Clean command="/usr/bin/gmake -j20 -f &quot;/home/falque/Travail/Doctorat/CP/Workspace/XCSP3-CPP-Parser/Makefile&quot;  VERBOSE=1 clean"/>
					<DistClean command="/usr/bin/gmake -j20 -f &quot;/home/falque/Travail/Doctorat/CP/Workspace/XCSP3-CPP-Parser/Makefile&quot;  VERBOSE=1 clean"/>
				</MakeCommands>
			</Target>
			<Target title="xcsp3parser_dynamic">
				<Option output="/home/falque/Travail/Doctorat/CP/Workspace/XCSP3-CPP-Parser/lib/libxcsp3parser_dynamic.so" prefix_auto="0" extension_auto="0"/>
				<Option working_dir="/home/falque/Travail/Doctorat/CP/Workspace/XCSP3-CPP-Parser"/>
				<Option object_output="./"/>
				<Option type="3"/>
				<Option compiler="gcc"/>
				<Compiler>
					<Add directory="/usr/include/libxml2"/>
					<Add directory="/home/falque/Travail/Doctorat/CP/Workspace/XCSP3-CPP-Parser/include"/>
					<Add directory="/usr/include/c++/11"/>
					<Add directory="/usr/include/x86_64-linux-gnu/c++/11"/>
					<Add directory="/usr/include/c++/11/backward"/>
					<Add directory="/usr/lib/gcc/x86_64-linux-gnu/11/include"/>
					<Add directory="/usr/local/include"/>
					<Add directory="/usr/include/x86_64-linux-gnu"/>
					<Add directory="/usr/include"/>
				</Compiler>
				<MakeCommands>
					<Build command="/usr/bin/gmake -j20 -f &quot;/home/falque/Travail/Doctorat/CP/Workspace/XCSP3-CPP-Parser/Makefile&quot;  VERBOSE=1 xcsp3parser_dynamic"/>
					<CompileFile command="/usr/bin/gmake -j20 -f &quot;/home/falque/Travail/Doctorat/CP/Workspace/XCSP3-CPP-Parser/Makefile&quot;  VERBOSE=1 &quot;$file&quot;"/>
					<Clean command="/usr/bin/gmake -j20 -f &quot;/home/falque/Travail/Doctorat/CP/Workspace/XCSP3-CPP-Parser/Makefile&quot;  VERBOSE=1 clean"/>
					<DistClean command="/usr/bin/gmake -j20 -f &quot;/home/falque/Travail/Doctorat/CP/Workspace/XCSP3-CPP-Parser/Makefile&quot;  VERBOSE=1 clean"/>
				</MakeCommands>
			</Target>
			<Target title="xcsp3parser_dynamic/fast">
				<Option output="/home/falque/Travail/Doctorat/CP/Workspace/XCSP3-CPP-Parser/lib/libxcsp3parser_dynamic.so" prefix_auto="0" extension_auto="0"/>
				<Option working_dir="/home/falque/Travail/Doctorat/CP/Workspace/XCSP3-CPP-Parser"/>
				<Option object_output="./"/>
				<Option type="3"/>
				<Option compiler="gcc"/>
				<Compiler>
					<Add directory="/usr/include/libxml2"/>
					<Add directory="/home/falque/Travail/Doctorat/CP/Workspace/XCSP3-CPP-Parser/include"/>
					<Add directory="/usr/include/c++/11"/>
					<Add directory="/usr/include/x86_64-linux-gnu/c++/11"/>
					<Add directory="/usr/include/c++/11/backward"/>
					<Add directory="/usr/lib/gcc/x86_64-linux-gnu/11/include"/>
					<Add directory="/usr/local/include"/>
					<Add directory="/usr/include/x86_64-linux-gnu"/>
					<Add directory="/usr/include"/>
				</Compiler>
				<MakeCommands>
					<Build command="/usr/bin/gmake -j20 -f &quot;/home/falque/Travail/Doctorat/CP/Workspace/XCSP3-CPP-Parser/Makefile&quot;  VERBOSE=1 xcsp3parser_dynamic/fast"/>
					<CompileFile command="/usr/bin/gmake -j20 -f &quot;/home/falque/Travail/Doctorat/CP/Workspace/XCSP3-CPP-Parser/Makefile&quot;  VERBOSE=1 &quot;$file&quot;"/>
					<Clean command="/usr/bin/gmake -j20 -f &quot;/home/falque/Travail/Doctorat/CP/Workspace/XCSP3-CPP-Parser/Makefile&quot;  VERBOSE=1 clean"/>
					<DistClean command="/usr/bin/gmake -j20 -f &quot;/home/falque/Travail/Doctorat/CP/Workspace/XCSP3-CPP-Parser/Makefile&quot;  VERBOSE=1 clean"/>
				</MakeCommands>
			</Target>
			<Target title="samplesXcsp3">
				<Option output="/home/falque/Travail/Doctorat/CP/Workspace/XCSP3-CPP-Parser/samples/samplesXcsp3" prefix_auto="0" extension_auto="0"/>
				<Option working_dir="/home/falque/Travail/Doctorat/CP/Workspace/XCSP3-CPP-Parser/samples"/>
				<Option object_output="./"/>
				<Option type="1"/>
				<Option compiler="gcc"/>
				<Compiler>
					<Add directory="/usr/include/libxml2"/>
					<Add directory="/home/falque/Travail/Doctorat/CP/Workspace/XCSP3-CPP-Parser/include"/>
					<Add directory="/usr/include/c++/11"/>
					<Add directory="/usr/include/x86_64-linux-gnu/c++/11"/>
					<Add directory="/usr/include/c++/11/backward"/>
					<Add directory="/usr/lib/gcc/x86_64-linux-gnu/11/include"/>
					<Add directory="/usr/local/include"/>
					<Add directory="/usr/include/x86_64-linux-gnu"/>
					<Add directory="/usr/include"/>
				</Compiler>
				<MakeCommands>
					<Build command="/usr/bin/gmake -j20 -f &quot;/home/falque/Travail/Doctorat/CP/Workspace/XCSP3-CPP-Parser/Makefile&quot;  VERBOSE=1 samplesXcsp3"/>
					<CompileFile command="/usr/bin/gmake -j20 -f &quot;/home/falque/Travail/Doctorat/CP/Workspace/XCSP3-CPP-Parser/Makefile&quot;  VERBOSE=1 &quot;$file&quot;"/>
					<Clean command="/usr/bin/gmake -j20 -f &quot;/home/falque/Travail/Doctorat/CP/Workspace/XCSP3-CPP-Parser/Makefile&quot;  VERBOSE=1 clean"/>
					<DistClean command="/usr/bin/gmake -j20 -f &quot;/home/falque/Travail/Doctorat/CP/Workspace/XCSP3-CPP-Parser/Makefile&quot;  VERBOSE=1 clean"/>
				</MakeCommands>
			</Target>
			<Target title="samplesXcsp3/fast">
				<Option output="/home/falque/Travail/Doctorat/CP/Workspace/XCSP3-CPP-Parser/samples/samplesXcsp3" prefix_auto="0" extension_auto="0"/>
				<Option working_dir="/home/falque/Travail/Doctorat/CP/Workspace/XCSP3-CPP-Parser/samples"/>
				<Option object_output="./"/>
				<Option type="1"/>
				<Option compiler="gcc"/>
				<Compiler>
					<Add directory="/usr/include/libxml2"/>
					<Add directory="/home/falque/Travail/Doctorat/CP/Workspace/XCSP3-CPP-Parser/include"/>
					<Add directory="/usr/include/c++/11"/>
					<Add directory="/usr/include/x86_64-linux-gnu/c++/11"/>
					<Add directory="/usr/include/c++/11/backward"/>
					<Add directory="/usr/lib/gcc/x86_64-linux-gnu/11/include"/>
					<Add directory="/usr/local/include"/>
					<Add directory="/usr/include/x86_64-linux-gnu"/>
					<Add directory="/usr/include"/>
				</Compiler>
				<MakeCommands>
					<Build command="/usr/bin/gmake -j20 -f &quot;/home/falque/Travail/Doctorat/CP/Workspace/XCSP3-CPP-Parser/Makefile&quot;  VERBOSE=1 samplesXcsp3/fast"/>
					<CompileFile command="/usr/bin/gmake -j20 -f &quot;/home/falque/Travail/Doctorat/CP/Workspace/XCSP3-CPP-Parser/Makefile&quot;  VERBOSE=1 &quot;$file&quot;"/>
					<Clean command="/usr/bin/gmake -j20 -f &quot;/home/falque/Travail/Doctorat/CP/Workspace/XCSP3-CPP-Parser/Makefile&quot;  VERBOSE=1 clean"/>
					<DistClean command="/usr/bin/gmake -j20 -f &quot;/home/falque/Travail/Doctorat/CP/Workspace/XCSP3-CPP-Parser/Makefile&quot;  VERBOSE=1 clean"/>
				</MakeCommands>
			</Target>
			<Target title="edit_cache">
				<Option working_dir="/home/falque/Travail/Doctorat/CP/Workspace/XCSP3-CPP-Parser"/>
				<Option type="4"/>
				<MakeCommands>
					<Build command="/usr/bin/gmake -j20 -f &quot;/home/falque/Travail/Doctorat/CP/Workspace/XCSP3-CPP-Parser/Makefile&quot;  VERBOSE=1 edit_cache"/>
					<CompileFile command="/usr/bin/gmake -j20 -f &quot;/home/falque/Travail/Doctorat/CP/Workspace/XCSP3-CPP-Parser/Makefile&quot;  VERBOSE=1 &quot;$file&quot;"/>
					<Clean command="/usr/bin/gmake -j20 -f &quot;/home/falque/Travail/Doctorat/CP/Workspace/XCSP3-CPP-Parser/Makefile&quot;  VERBOSE=1 clean"/>
					<DistClean command="/usr/bin/gmake -j20 -f &quot;/home/falque/Travail/Doctorat/CP/Workspace/XCSP3-CPP-Parser/Makefile&quot;  VERBOSE=1 clean"/>
				</MakeCommands>
			</Target>
			<Target title="rebuild_cache">
				<Option working_dir="/home/falque/Travail/Doctorat/CP/Workspace/XCSP3-CPP-Parser"/>
				<Option type="4"/>
				<MakeCommands>
					<Build command="/usr/bin/gmake -j20 -f &quot;/home/falque/Travail/Doctorat/CP/Workspace/XCSP3-CPP-Parser/Makefile&quot;  VERBOSE=1 rebuild_cache"/>
					<CompileFile command="/usr/bin/gmake -j20 -f &quot;/home/falque/Travail/Doctorat/CP/Workspace/XCSP3-CPP-Parser/Makefile&quot;  VERBOSE=1 &quot;$file&quot;"/>
					<Clean command="/usr/bin/gmake -j20 -f &quot;/home/falque/Travail/Doctorat/CP/Workspace/XCSP3-CPP-Parser/Makefile&quot;  VERBOSE=1 clean"/>
					<DistClean command="/usr/bin/gmake -j20 -f &quot;/home/falque/Travail/Doctorat/CP/Workspace/XCSP3-CPP-Parser/Makefile&quot;  VERBOSE=1 clean"/>
				</MakeCommands>
			</Target>
		</Build>
		<Unit filename="/home/falque/Travail/Doctorat/CP/Workspace/XCSP3-CPP-Parser/include/AttributeList.h">
			<Option target="xcsp3parser"/>
			<Option target="xcsp3parser_dynamic"/>
		</Unit>
		<Unit filename="/home/falque/Travail/Doctorat/CP/Workspace/XCSP3-CPP-Parser/include/UTF8String.h">
			<Option target="xcsp3parser"/>
			<Option target="xcsp3parser_dynamic"/>
		</Unit>
		<Unit filename="/home/falque/Travail/Doctorat/CP/Workspace/XCSP3-CPP-Parser/include/XCSP3Constants.h">
			<Option target="xcsp3parser"/>
			<Option target="xcsp3parser_dynamic"/>
		</Unit>
		<Unit filename="/home/falque/Travail/Doctorat/CP/Workspace/XCSP3-CPP-Parser/include/XCSP3Constraint.h">
			<Option target="xcsp3parser"/>
			<Option target="xcsp3parser_dynamic"/>
		</Unit>
		<Unit filename="/home/falque/Travail/Doctorat/CP/Workspace/XCSP3-CPP-Parser/include/XCSP3CoreCallbacks.h">
			<Option target="xcsp3parser"/>
			<Option target="xcsp3parser_dynamic"/>
		</Unit>
		<Unit filename="/home/falque/Travail/Doctorat/CP/Workspace/XCSP3-CPP-Parser/include/XCSP3CoreParser.h">
			<Option target="xcsp3parser"/>
			<Option target="xcsp3parser_dynamic"/>
		</Unit>
		<Unit filename="/home/falque/Travail/Doctorat/CP/Workspace/XCSP3-CPP-Parser/include/XCSP3Domain.h">
			<Option target="xcsp3parser"/>
			<Option target="xcsp3parser_dynamic"/>
		</Unit>
		<Unit filename="/home/falque/Travail/Doctorat/CP/Workspace/XCSP3-CPP-Parser/include/XCSP3Manager.h">
			<Option target="xcsp3parser"/>
			<Option target="xcsp3parser_dynamic"/>
		</Unit>
		<Unit filename="/home/falque/Travail/Doctorat/CP/Workspace/XCSP3-CPP-Parser/include/XCSP3Objective.h">
			<Option target="xcsp3parser"/>
			<Option target="xcsp3parser_dynamic"/>
		</Unit>
		<Unit filename="/home/falque/Travail/Doctorat/CP/Workspace/XCSP3-CPP-Parser/include/XCSP3Tree.h">
			<Option target="xcsp3parser"/>
			<Option target="xcsp3parser_dynamic"/>
		</Unit>
		<Unit filename="/home/falque/Travail/Doctorat/CP/Workspace/XCSP3-CPP-Parser/include/XCSP3TreeNode.h">
			<Option target="xcsp3parser"/>
			<Option target="xcsp3parser_dynamic"/>
			<Option target="samplesXcsp3"/>
		</Unit>
		<Unit filename="/home/falque/Travail/Doctorat/CP/Workspace/XCSP3-CPP-Parser/include/XCSP3Variable.h">
			<Option target="xcsp3parser"/>
			<Option target="xcsp3parser_dynamic"/>
		</Unit>
		<Unit filename="/home/falque/Travail/Doctorat/CP/Workspace/XCSP3-CPP-Parser/include/XCSP3utils.h">
			<Option target="xcsp3parser"/>
			<Option target="xcsp3parser_dynamic"/>
		</Unit>
		<Unit filename="/home/falque/Travail/Doctorat/CP/Workspace/XCSP3-CPP-Parser/include/XMLParser.h">
			<Option target="xcsp3parser"/>
			<Option target="xcsp3parser_dynamic"/>
		</Unit>
		<Unit filename="/home/falque/Travail/Doctorat/CP/Workspace/XCSP3-CPP-Parser/samples/XCSP3PrintCallbacks.h">
			<Option target="samplesXcsp3"/>
		</Unit>
		<Unit filename="/home/falque/Travail/Doctorat/CP/Workspace/XCSP3-CPP-Parser/samples/main.cc">
			<Option target="samplesXcsp3"/>
		</Unit>
		<Unit filename="/home/falque/Travail/Doctorat/CP/Workspace/XCSP3-CPP-Parser/src/UTF8String.cc">
			<Option target="xcsp3parser"/>
			<Option target="xcsp3parser_dynamic"/>
		</Unit>
		<Unit filename="/home/falque/Travail/Doctorat/CP/Workspace/XCSP3-CPP-Parser/src/XCSP3Code.cc">
			<Option target="xcsp3parser"/>
			<Option target="xcsp3parser_dynamic"/>
		</Unit>
		<Unit filename="/home/falque/Travail/Doctorat/CP/Workspace/XCSP3-CPP-Parser/src/XCSP3CoreParser.cc">
			<Option target="xcsp3parser"/>
			<Option target="xcsp3parser_dynamic"/>
		</Unit>
		<Unit filename="/home/falque/Travail/Doctorat/CP/Workspace/XCSP3-CPP-Parser/src/XCSP3Manager.cc">
			<Option target="xcsp3parser"/>
			<Option target="xcsp3parser_dynamic"/>
		</Unit>
		<Unit filename="/home/falque/Travail/Doctorat/CP/Workspace/XCSP3-CPP-Parser/src/XCSP3Tree.cc">
			<Option target="xcsp3parser"/>
			<Option target="xcsp3parser_dynamic"/>
		</Unit>
		<Unit filename="/home/falque/Travail/Doctorat/CP/Workspace/XCSP3-CPP-Parser/src/XCSP3TreeNode.cc">
			<Option target="xcsp3parser"/>
			<Option target="xcsp3parser_dynamic"/>
		</Unit>
		<Unit filename="/home/falque/Travail/Doctorat/CP/Workspace/XCSP3-CPP-Parser/src/XMLParser.cc">
			<Option target="xcsp3parser"/>
			<Option target="xcsp3parser_dynamic"/>
		</Unit>
		<Unit filename="/home/falque/Travail/Doctorat/CP/Workspace/XCSP3-CPP-Parser/src/XMLParserTags.cc">
			<Option target="xcsp3parser"/>
			<Option target="xcsp3parser_dynamic"/>
		</Unit>
		<Unit filename="/home/falque/Travail/Doctorat/CP/Workspace/XCSP3-CPP-Parser/CMakeLists.txt">
			<Option virtualFolder="CMake Files\"/>
		</Unit>
	</Project>
</CodeBlocks_project_file>
